
Microsoft Visual Studio Solution File, Format Version 12.00
# Visual Studio Version 17
VisualStudioVersion = 17.11.35222.181
MinimumVisualStudioVersion = 10.0.40219.1
Project("{9A19103F-16F7-4668-BE54-9A1E7A4F7556}") = "losos", "losos\losos.csproj", "{4C302834-2236-48C3-92F8-292BCF365360}"
EndProject
Project("{9A19103F-16F7-4668-BE54-9A1E7A4F7556}") = "games", "games\games.csproj", "{4DC86F75-08FE-404A-8867-ADE1A1FFFCC3}"
EndProject
Project("{FAE04EC0-301F-11D3-BF4B-00C04F79EFBC}") = "pet", "pet\pet.csproj", "{ABA44E8A-1E94-487F-A13C-59FF409D181C}"
EndProject
Project("{FAE04EC0-301F-11D3-BF4B-00C04F79EFBC}") = "stats", "stats\stats.csproj", "{CE025B80-B4E5-498C-A15E-AC7FB0809A28}"
EndProject
Global
	GlobalSection(SolutionConfigurationPlatforms) = preSolution
		Debug|Any CPU = Debug|Any CPU
		Release|Any CPU = Release|Any CPU
	EndGlobalSection
	GlobalSection(ProjectConfigurationPlatforms) = postSolution
		{4C302834-2236-48C3-92F8-292BCF365360}.Debug|Any CPU.ActiveCfg = Debug|Any CPU
		{4C302834-2236-48C3-92F8-292BCF365360}.Debug|Any CPU.Build.0 = Debug|Any CPU
		{4C302834-2236-48C3-92F8-292BCF365360}.Release|Any CPU.ActiveCfg = Release|Any CPU
		{4C302834-2236-48C3-92F8-292BCF365360}.Release|Any CPU.Build.0 = Release|Any CPU
		{4DC86F75-08FE-404A-8867-ADE1A1FFFCC3}.Debug|Any CPU.ActiveCfg = Debug|Any CPU
		{4DC86F75-08FE-404A-8867-ADE1A1FFFCC3}.Debug|Any CPU.Build.0 = Debug|Any CPU
		{4DC86F75-08FE-404A-8867-ADE1A1FFFCC3}.Release|Any CPU.ActiveCfg = Release|Any CPU
		{4DC86F75-08FE-404A-8867-ADE1A1FFFCC3}.Release|Any CPU.Build.0 = Release|Any CPU
		{ABA44E8A-1E94-487F-A13C-59FF409D181C}.Debug|Any CPU.ActiveCfg = Debug|Any CPU
		{ABA44E8A-1E94-487F-A13C-59FF409D181C}.Debug|Any CPU.Build.0 = Debug|Any CPU
		{ABA44E8A-1E94-487F-A13C-59FF409D181C}.Release|Any CPU.ActiveCfg = Release|Any CPU
		{ABA44E8A-1E94-487F-A13C-59FF409D181C}.Release|Any CPU.Build.0 = Release|Any CPU
		{CE025B80-B4E5-498C-A15E-AC7FB0809A28}.Debug|Any CPU.ActiveCfg = Debug|Any CPU
		{CE025B80-B4E5-498C-A15E-AC7FB0809A28}.Debug|Any CPU.Build.0 = Debug|Any CPU
		{CE025B80-B4E5-498C-A15E-AC7FB0809A28}.Release|Any CPU.ActiveCfg = Release|Any CPU
		{CE025B80-B4E5-498C-A15E-AC7FB0809A28}.Release|Any CPU.Build.0 = Release|Any CPU
	EndGlobalSection
	GlobalSection(SolutionProperties) = preSolution
		HideSolutionNode = FALSE
	EndGlobalSection
	GlobalSection(ExtensibilityGlobals) = postSolution
		SolutionGuid = {6632B1BF-0236-4CA1-8DC8-0AA4C0DF8C9E}
	EndGlobalSection
EndGlobal
